
Microsoft Visual Studio Solution File, Format Version 12.00
# Visual Studio 2013
VisualStudioVersion = 12.0.31101.0
MinimumVisualStudioVersion = 10.0.40219.1
Project("{2150E333-8FDC-42A3-9474-1A3956D46DE8}") = "Utility", "Utility", "{9EA42C80-014F-4D5C-99C5-03D923A7BEF8}"
EndProject
Project("{2150E333-8FDC-42A3-9474-1A3956D46DE8}") = "Sequence", "Sequence", "{42091564-022C-45DB-B815-4CEF428692B0}"
EndProject
Project("{FAE04EC0-301F-11D3-BF4B-00C04F79EFBC}") = "Grit.Sequence", "Grit.Sequence\Grit.Sequence.csproj", "{0161CD61-4221-47C3-9567-1695C06DE101}"
EndProject
Project("{FAE04EC0-301F-11D3-BF4B-00C04F79EFBC}") = "Grit.Utility", "Grit.Utility\Grit.Utility.csproj", "{BD3AD860-D5A7-4FBD-91A0-BDF20236E5A8}"
EndProject
Project("{FAE04EC0-301F-11D3-BF4B-00C04F79EFBC}") = "Grit.Sequence.Repository.MySql", "Grit.Sequence.Repository.Mysql\Grit.Sequence.Repository.MySql.csproj", "{C8223CCD-75F4-4B9E-813B-B8A5A83FF758}"
EndProject
Project("{FAE04EC0-301F-11D3-BF4B-00C04F79EFBC}") = "Grit.Configuration", "Grit.Configuration\Grit.Configuration.csproj", "{38BFF300-BE60-4A8B-886E-0C3DF4362657}"
EndProject
Project("{2150E333-8FDC-42A3-9474-1A3956D46DE8}") = "ACE", "ACE", "{9C7D4CD4-9C10-48E0-AAEE-83419CD8B19B}"
	ProjectSection(SolutionItems) = preProject
		README.md = README.md
	EndProjectSection
EndProject
Project("{FAE04EC0-301F-11D3-BF4B-00C04F79EFBC}") = "ACE", "Grit.ACE\ACE.csproj", "{81569F0A-133A-4E07-A66B-9EFC8B5F7411}"
EndProject
Project("{FAE04EC0-301F-11D3-BF4B-00C04F79EFBC}") = "ACE.Demo.Repositories", "ACE.Demo.Repositories\ACE.Demo.Repositories.csproj", "{FE904A73-61F7-4E93-8BD0-6AA4FD879BAF}"
EndProject
Project("{FAE04EC0-301F-11D3-BF4B-00C04F79EFBC}") = "ACE.Demo.Contracts", "ACE.Demo.Contracts\ACE.Demo.Contracts.csproj", "{B9FCAD5A-3E1D-4D44-9C70-A1B0759DD9A4}"
EndProject
Project("{FAE04EC0-301F-11D3-BF4B-00C04F79EFBC}") = "ACE.Demo.Model", "ACE.Demo.Model\ACE.Demo.Model.csproj", "{B2959BF3-9BAF-4452-A94F-CEE2886DAE07}"
EndProject
Project("{FAE04EC0-301F-11D3-BF4B-00C04F79EFBC}") = "ACE.Demo.Repositories.Write", "ACE.Demo.Repositories.Write\ACE.Demo.Repositories.Write.csproj", "{FCEADCAA-D1DC-478C-A032-F43064EA43C2}"
EndProject
Project("{FAE04EC0-301F-11D3-BF4B-00C04F79EFBC}") = "ACE.Demo.Model.Write", "ACE.Demo.Model.Write\ACE.Demo.Model.Write.csproj", "{5CE82ECE-3D69-46C7-9F10-7F28CFA52271}"
EndProject
Project("{2150E333-8FDC-42A3-9474-1A3956D46DE8}") = "Demo", "Demo", "{BAF43B16-9BAD-4569-9E4D-CD7202BAB7C7}"
	ProjectSection(SolutionItems) = preProject
		INSTALL.md = INSTALL.md
	EndProjectSection
EndProject
Project("{2150E333-8FDC-42A3-9474-1A3956D46DE8}") = "ACE", "ACE", "{82C2D6D9-5AD5-4FF7-A580-2F8E286BB913}"
EndProject
Project("{FAE04EC0-301F-11D3-BF4B-00C04F79EFBC}") = "ACE.Demo.Application", "ACE.Demo.Application\ACE.Demo.Application.csproj", "{44F55475-7AB3-41F4-801E-E185294AB1F3}"
EndProject
Project("{FAE04EC0-301F-11D3-BF4B-00C04F79EFBC}") = "ACE.Demo.MicroServices", "ACE.Demo.MicroServices\ACE.Demo.MicroServices.csproj", "{AD7BB8C2-DB28-40C0-828F-7E1AF4A26527}"
EndProject
Project("{FAE04EC0-301F-11D3-BF4B-00C04F79EFBC}") = "ACE.Demo.EventConsumer", "ACE.Demo.EventConsumer\ACE.Demo.EventConsumer.csproj", "{17C333D5-5BC1-4BA8-B7FE-FAAFD9CD843D}"
EndProject
Project("{2150E333-8FDC-42A3-9474-1A3956D46DE8}") = "Scripts", "Scripts", "{9FB783B9-E949-402D-9EA2-931F01669874}"
	ProjectSection(SolutionItems) = preProject
		Dump20140707.sql = Dump20140707.sql
	EndProjectSection
EndProject
Project("{2150E333-8FDC-42A3-9474-1A3956D46DE8}") = "Libraries", "Libraries", "{4F635C71-2834-4041-8F47-9FFF38190BD2}"
EndProject
Project("{FAE04EC0-301F-11D3-BF4B-00C04F79EFBC}") = "ACE.Demo.Light.Web", "ACE.Demo.Light.Web\ACE.Demo.Light.Web.csproj", "{72BFF565-3B7B-45D7-BA0A-B6FE621886BA}"
EndProject
Project("{FAE04EC0-301F-11D3-BF4B-00C04F79EFBC}") = "ACE.Demo.Heavy.Web", "ACE.Demo.Heavy.Web\ACE.Demo.Heavy.Web.csproj", "{1BB64446-3DE7-4813-806C-38A0ECC46619}"
EndProject
Project("{2150E333-8FDC-42A3-9474-1A3956D46DE8}") = "App", "App", "{C06DD931-22D2-4AFC-AC33-7999AB144450}"
EndProject
Project("{2150E333-8FDC-42A3-9474-1A3956D46DE8}") = "Lib", "Lib", "{FDFAFEC7-BFDD-4862-A8EF-4D2162E2412A}"
EndProject
Project("{FAE04EC0-301F-11D3-BF4B-00C04F79EFBC}") = "ACE.Demo.EventProvider", "ACE.Demo.EventProvider\ACE.Demo.EventProvider.csproj", "{11FBFAE1-331A-4143-A6D4-5646BE2AEA4B}"
EndProject
Project("{FAE04EC0-301F-11D3-BF4B-00C04F79EFBC}") = "Grit.ACE.Logger", "Grit.ACE.Logger\Grit.ACE.Logger.csproj", "{0D2BC216-5017-4182-9A2C-0E71A0BB95E4}"
EndProject
Global
	GlobalSection(SolutionConfigurationPlatforms) = preSolution
		Debug|Any CPU = Debug|Any CPU
		Release|Any CPU = Release|Any CPU
	EndGlobalSection
	GlobalSection(ProjectConfigurationPlatforms) = postSolution
		{0161CD61-4221-47C3-9567-1695C06DE101}.Debug|Any CPU.ActiveCfg = Debug|Any CPU
		{0161CD61-4221-47C3-9567-1695C06DE101}.Debug|Any CPU.Build.0 = Debug|Any CPU
		{0161CD61-4221-47C3-9567-1695C06DE101}.Release|Any CPU.ActiveCfg = Release|Any CPU
		{0161CD61-4221-47C3-9567-1695C06DE101}.Release|Any CPU.Build.0 = Release|Any CPU
		{BD3AD860-D5A7-4FBD-91A0-BDF20236E5A8}.Debug|Any CPU.ActiveCfg = Debug|Any CPU
		{BD3AD860-D5A7-4FBD-91A0-BDF20236E5A8}.Debug|Any CPU.Build.0 = Debug|Any CPU
		{BD3AD860-D5A7-4FBD-91A0-BDF20236E5A8}.Release|Any CPU.ActiveCfg = Release|Any CPU
		{BD3AD860-D5A7-4FBD-91A0-BDF20236E5A8}.Release|Any CPU.Build.0 = Release|Any CPU
		{C8223CCD-75F4-4B9E-813B-B8A5A83FF758}.Debug|Any CPU.ActiveCfg = Debug|Any CPU
		{C8223CCD-75F4-4B9E-813B-B8A5A83FF758}.Debug|Any CPU.Build.0 = Debug|Any CPU
		{C8223CCD-75F4-4B9E-813B-B8A5A83FF758}.Release|Any CPU.ActiveCfg = Release|Any CPU
		{C8223CCD-75F4-4B9E-813B-B8A5A83FF758}.Release|Any CPU.Build.0 = Release|Any CPU
		{38BFF300-BE60-4A8B-886E-0C3DF4362657}.Debug|Any CPU.ActiveCfg = Debug|Any CPU
		{38BFF300-BE60-4A8B-886E-0C3DF4362657}.Debug|Any CPU.Build.0 = Debug|Any CPU
		{38BFF300-BE60-4A8B-886E-0C3DF4362657}.Release|Any CPU.ActiveCfg = Release|Any CPU
		{38BFF300-BE60-4A8B-886E-0C3DF4362657}.Release|Any CPU.Build.0 = Release|Any CPU
		{81569F0A-133A-4E07-A66B-9EFC8B5F7411}.Debug|Any CPU.ActiveCfg = Debug|Any CPU
		{81569F0A-133A-4E07-A66B-9EFC8B5F7411}.Debug|Any CPU.Build.0 = Debug|Any CPU
		{81569F0A-133A-4E07-A66B-9EFC8B5F7411}.Release|Any CPU.ActiveCfg = Release|Any CPU
		{81569F0A-133A-4E07-A66B-9EFC8B5F7411}.Release|Any CPU.Build.0 = Release|Any CPU
		{FE904A73-61F7-4E93-8BD0-6AA4FD879BAF}.Debug|Any CPU.ActiveCfg = Debug|Any CPU
		{FE904A73-61F7-4E93-8BD0-6AA4FD879BAF}.Debug|Any CPU.Build.0 = Debug|Any CPU
		{FE904A73-61F7-4E93-8BD0-6AA4FD879BAF}.Release|Any CPU.ActiveCfg = Release|Any CPU
		{FE904A73-61F7-4E93-8BD0-6AA4FD879BAF}.Release|Any CPU.Build.0 = Release|Any CPU
		{B9FCAD5A-3E1D-4D44-9C70-A1B0759DD9A4}.Debug|Any CPU.ActiveCfg = Debug|Any CPU
		{B9FCAD5A-3E1D-4D44-9C70-A1B0759DD9A4}.Debug|Any CPU.Build.0 = Debug|Any CPU
		{B9FCAD5A-3E1D-4D44-9C70-A1B0759DD9A4}.Release|Any CPU.ActiveCfg = Release|Any CPU
		{B9FCAD5A-3E1D-4D44-9C70-A1B0759DD9A4}.Release|Any CPU.Build.0 = Release|Any CPU
		{B2959BF3-9BAF-4452-A94F-CEE2886DAE07}.Debug|Any CPU.ActiveCfg = Debug|Any CPU
		{B2959BF3-9BAF-4452-A94F-CEE2886DAE07}.Debug|Any CPU.Build.0 = Debug|Any CPU
		{B2959BF3-9BAF-4452-A94F-CEE2886DAE07}.Release|Any CPU.ActiveCfg = Release|Any CPU
		{B2959BF3-9BAF-4452-A94F-CEE2886DAE07}.Release|Any CPU.Build.0 = Release|Any CPU
		{FCEADCAA-D1DC-478C-A032-F43064EA43C2}.Debug|Any CPU.ActiveCfg = Debug|Any CPU
		{FCEADCAA-D1DC-478C-A032-F43064EA43C2}.Debug|Any CPU.Build.0 = Debug|Any CPU
		{FCEADCAA-D1DC-478C-A032-F43064EA43C2}.Release|Any CPU.ActiveCfg = Release|Any CPU
		{FCEADCAA-D1DC-478C-A032-F43064EA43C2}.Release|Any CPU.Build.0 = Release|Any CPU
		{5CE82ECE-3D69-46C7-9F10-7F28CFA52271}.Debug|Any CPU.ActiveCfg = Debug|Any CPU
		{5CE82ECE-3D69-46C7-9F10-7F28CFA52271}.Debug|Any CPU.Build.0 = Debug|Any CPU
		{5CE82ECE-3D69-46C7-9F10-7F28CFA52271}.Release|Any CPU.ActiveCfg = Release|Any CPU
		{5CE82ECE-3D69-46C7-9F10-7F28CFA52271}.Release|Any CPU.Build.0 = Release|Any CPU
		{44F55475-7AB3-41F4-801E-E185294AB1F3}.Debug|Any CPU.ActiveCfg = Debug|Any CPU
		{44F55475-7AB3-41F4-801E-E185294AB1F3}.Debug|Any CPU.Build.0 = Debug|Any CPU
		{44F55475-7AB3-41F4-801E-E185294AB1F3}.Release|Any CPU.ActiveCfg = Release|Any CPU
		{44F55475-7AB3-41F4-801E-E185294AB1F3}.Release|Any CPU.Build.0 = Release|Any CPU
		{AD7BB8C2-DB28-40C0-828F-7E1AF4A26527}.Debug|Any CPU.ActiveCfg = Debug|Any CPU
		{AD7BB8C2-DB28-40C0-828F-7E1AF4A26527}.Debug|Any CPU.Build.0 = Debug|Any CPU
		{AD7BB8C2-DB28-40C0-828F-7E1AF4A26527}.Release|Any CPU.ActiveCfg = Release|Any CPU
		{AD7BB8C2-DB28-40C0-828F-7E1AF4A26527}.Release|Any CPU.Build.0 = Release|Any CPU
		{17C333D5-5BC1-4BA8-B7FE-FAAFD9CD843D}.Debug|Any CPU.ActiveCfg = Debug|Any CPU
		{17C333D5-5BC1-4BA8-B7FE-FAAFD9CD843D}.Debug|Any CPU.Build.0 = Debug|Any CPU
		{17C333D5-5BC1-4BA8-B7FE-FAAFD9CD843D}.Release|Any CPU.ActiveCfg = Release|Any CPU
		{17C333D5-5BC1-4BA8-B7FE-FAAFD9CD843D}.Release|Any CPU.Build.0 = Release|Any CPU
		{72BFF565-3B7B-45D7-BA0A-B6FE621886BA}.Debug|Any CPU.ActiveCfg = Debug|Any CPU
		{72BFF565-3B7B-45D7-BA0A-B6FE621886BA}.Debug|Any CPU.Build.0 = Debug|Any CPU
		{72BFF565-3B7B-45D7-BA0A-B6FE621886BA}.Release|Any CPU.ActiveCfg = Release|Any CPU
		{72BFF565-3B7B-45D7-BA0A-B6FE621886BA}.Release|Any CPU.Build.0 = Release|Any CPU
		{1BB64446-3DE7-4813-806C-38A0ECC46619}.Debug|Any CPU.ActiveCfg = Debug|Any CPU
		{1BB64446-3DE7-4813-806C-38A0ECC46619}.Debug|Any CPU.Build.0 = Debug|Any CPU
		{1BB64446-3DE7-4813-806C-38A0ECC46619}.Release|Any CPU.ActiveCfg = Release|Any CPU
		{1BB64446-3DE7-4813-806C-38A0ECC46619}.Release|Any CPU.Build.0 = Release|Any CPU
		{11FBFAE1-331A-4143-A6D4-5646BE2AEA4B}.Debug|Any CPU.ActiveCfg = Debug|Any CPU
		{11FBFAE1-331A-4143-A6D4-5646BE2AEA4B}.Debug|Any CPU.Build.0 = Debug|Any CPU
		{11FBFAE1-331A-4143-A6D4-5646BE2AEA4B}.Release|Any CPU.ActiveCfg = Release|Any CPU
		{11FBFAE1-331A-4143-A6D4-5646BE2AEA4B}.Release|Any CPU.Build.0 = Release|Any CPU
		{0D2BC216-5017-4182-9A2C-0E71A0BB95E4}.Debug|Any CPU.ActiveCfg = Debug|Any CPU
		{0D2BC216-5017-4182-9A2C-0E71A0BB95E4}.Debug|Any CPU.Build.0 = Debug|Any CPU
		{0D2BC216-5017-4182-9A2C-0E71A0BB95E4}.Release|Any CPU.ActiveCfg = Release|Any CPU
		{0D2BC216-5017-4182-9A2C-0E71A0BB95E4}.Release|Any CPU.Build.0 = Release|Any CPU
	EndGlobalSection
	GlobalSection(SolutionProperties) = preSolution
		HideSolutionNode = FALSE
	EndGlobalSection
	GlobalSection(NestedProjects) = preSolution
		{0161CD61-4221-47C3-9567-1695C06DE101} = {42091564-022C-45DB-B815-4CEF428692B0}
		{BD3AD860-D5A7-4FBD-91A0-BDF20236E5A8} = {9EA42C80-014F-4D5C-99C5-03D923A7BEF8}
		{C8223CCD-75F4-4B9E-813B-B8A5A83FF758} = {42091564-022C-45DB-B815-4CEF428692B0}
		{81569F0A-133A-4E07-A66B-9EFC8B5F7411} = {9C7D4CD4-9C10-48E0-AAEE-83419CD8B19B}
		{FE904A73-61F7-4E93-8BD0-6AA4FD879BAF} = {FDFAFEC7-BFDD-4862-A8EF-4D2162E2412A}
		{B9FCAD5A-3E1D-4D44-9C70-A1B0759DD9A4} = {FDFAFEC7-BFDD-4862-A8EF-4D2162E2412A}
		{B2959BF3-9BAF-4452-A94F-CEE2886DAE07} = {FDFAFEC7-BFDD-4862-A8EF-4D2162E2412A}
		{FCEADCAA-D1DC-478C-A032-F43064EA43C2} = {FDFAFEC7-BFDD-4862-A8EF-4D2162E2412A}
		{5CE82ECE-3D69-46C7-9F10-7F28CFA52271} = {FDFAFEC7-BFDD-4862-A8EF-4D2162E2412A}
		{82C2D6D9-5AD5-4FF7-A580-2F8E286BB913} = {BAF43B16-9BAD-4569-9E4D-CD7202BAB7C7}
		{44F55475-7AB3-41F4-801E-E185294AB1F3} = {FDFAFEC7-BFDD-4862-A8EF-4D2162E2412A}
		{AD7BB8C2-DB28-40C0-828F-7E1AF4A26527} = {C06DD931-22D2-4AFC-AC33-7999AB144450}
		{17C333D5-5BC1-4BA8-B7FE-FAAFD9CD843D} = {C06DD931-22D2-4AFC-AC33-7999AB144450}
		{72BFF565-3B7B-45D7-BA0A-B6FE621886BA} = {C06DD931-22D2-4AFC-AC33-7999AB144450}
		{1BB64446-3DE7-4813-806C-38A0ECC46619} = {C06DD931-22D2-4AFC-AC33-7999AB144450}
		{C06DD931-22D2-4AFC-AC33-7999AB144450} = {82C2D6D9-5AD5-4FF7-A580-2F8E286BB913}
		{FDFAFEC7-BFDD-4862-A8EF-4D2162E2412A} = {82C2D6D9-5AD5-4FF7-A580-2F8E286BB913}
		{11FBFAE1-331A-4143-A6D4-5646BE2AEA4B} = {C06DD931-22D2-4AFC-AC33-7999AB144450}
		{0D2BC216-5017-4182-9A2C-0E71A0BB95E4} = {9C7D4CD4-9C10-48E0-AAEE-83419CD8B19B}
	EndGlobalSection
EndGlobal
